
Microsoft Visual Studio Solution File, Format Version 11.00
# Visual Studio 2010
Project("{2150E333-8FDC-42A3-9474-1A3956D46DE8}") = ".nuget", ".nuget", "{DE5E6ED0-D34D-4CEF-B9B3-9B5627EA69DA}"
	ProjectSection(SolutionItems) = preProject
		.nuget\NuGet.Config = .nuget\NuGet.Config
		.nuget\NuGet.exe = .nuget\NuGet.exe
		.nuget\NuGet.targets = .nuget\NuGet.targets
	EndProjectSection
EndProject
Project("{FAE04EC0-301F-11D3-BF4B-00C04F79EFBC}") = "DrunkenBakery.OWAtray.GUI", "src\GUI\DrunkenBakery.OWAtray.GUI.csproj", "{F207AB90-D419-44C1-8232-6E8BAD175BB5}"
EndProject
Project("{FAE04EC0-301F-11D3-BF4B-00C04F79EFBC}") = "DrunkenBakery.OWAtray.Growl", "src\Growl\DrunkenBakery.OWAtray.Growl.csproj", "{432ABDDF-CA91-49F8-A12E-BDD660F6BF71}"
EndProject
Project("{FAE04EC0-301F-11D3-BF4B-00C04F79EFBC}") = "DrunkenBakery.OWAtray.Logging", "src\Logging\DrunkenBakery.OWAtray.Logging.csproj", "{0EC3CCE1-E95E-45A9-9386-AD4E7A6C09C2}"
EndProject
Project("{FAE04EC0-301F-11D3-BF4B-00C04F79EFBC}") = "DrunkenBakery.OWAtray.Audio", "src\Audio\DrunkenBakery.OWAtray.Audio.csproj", "{55F1653D-2A7C-4C06-8D12-864D1540305D}"
EndProject
Project("{FAE04EC0-301F-11D3-BF4B-00C04F79EFBC}") = "DrunkenBakery.OWAtray.Connections.Abstract", "src\Connections\AbstractConnection\DrunkenBakery.OWAtray.Connections.Abstract.csproj", "{94D3AD21-4245-4700-8376-89D0705F28BC}"
EndProject
Project("{FAE04EC0-301F-11D3-BF4B-00C04F79EFBC}") = "DrunkenBakery.OWAtray.Connections.Proxy", "src\Connections\Proxy\DrunkenBakery.OWAtray.Connections.Proxy.csproj", "{573E4922-2D13-4499-8EA9-7ED37DF363FE}"
EndProject
Project("{FAE04EC0-301F-11D3-BF4B-00C04F79EFBC}") = "DrunkenBakery.OWAtray.Connections.EWS", "src\Connections\EWS\DrunkenBakery.OWAtray.Connections.EWS.csproj", "{BCA28718-4FBA-4B2D-87CF-A4F4BDF69616}"
EndProject
Project("{FAE04EC0-301F-11D3-BF4B-00C04F79EFBC}") = "DrunkenBakery.OWAtray.Framework", "src\Framework\DrunkenBakery.OWAtray.Framework.csproj", "{48C4C1F1-1A70-447D-AC52-FB77751FD5E9}"
EndProject
Project("{FAE04EC0-301F-11D3-BF4B-00C04F79EFBC}") = "DrunkenBakery.OWAtray.Snarl", "src\Snarl\DrunkenBakery.OWAtray.Snarl.csproj", "{A0EAC8F3-99F4-400D-AFAE-9DA7AD49ADA7}"
EndProject
Project("{FAE04EC0-301F-11D3-BF4B-00C04F79EFBC}") = "DrunkenBakery.OWAtray.ShellIntegration", "src\ShellIntegration\DrunkenBakery.OWAtray.ShellIntegration.csproj", "{D3638975-E573-4BBD-9B8D-ED3B91200477}"
EndProject
Project("{8BC9CEB8-8B4A-11D0-8D11-00A0C91BC942}") = "DrunkenBakery.OWAtray.MapiDll", "src\Mapi\MapiDll.vcxproj", "{902675FD-4CCE-4425-803D-D4323A9D50D4}"
EndProject
Global
	GlobalSection(SolutionConfigurationPlatforms) = preSolution
		Debug|Any CPU = Debug|Any CPU
		Debug|Mixed Platforms = Debug|Mixed Platforms
		Debug|Win32 = Debug|Win32
		Debug|x86 = Debug|x86
		Release|Any CPU = Release|Any CPU
		Release|Mixed Platforms = Release|Mixed Platforms
		Release|Win32 = Release|Win32
		Release|x86 = Release|x86
	EndGlobalSection
	GlobalSection(ProjectConfigurationPlatforms) = postSolution
		{F207AB90-D419-44C1-8232-6E8BAD175BB5}.Debug|Any CPU.ActiveCfg = Debug|Any CPU
		{F207AB90-D419-44C1-8232-6E8BAD175BB5}.Debug|Any CPU.Build.0 = Debug|Any CPU
		{F207AB90-D419-44C1-8232-6E8BAD175BB5}.Debug|Mixed Platforms.ActiveCfg = Debug|Any CPU
		{F207AB90-D419-44C1-8232-6E8BAD175BB5}.Debug|Mixed Platforms.Build.0 = Debug|Any CPU
		{F207AB90-D419-44C1-8232-6E8BAD175BB5}.Debug|Win32.ActiveCfg = Debug|Any CPU
		{F207AB90-D419-44C1-8232-6E8BAD175BB5}.Debug|x86.ActiveCfg = Debug|Any CPU
		{F207AB90-D419-44C1-8232-6E8BAD175BB5}.Release|Any CPU.ActiveCfg = Release|Any CPU
		{F207AB90-D419-44C1-8232-6E8BAD175BB5}.Release|Any CPU.Build.0 = Release|Any CPU
		{F207AB90-D419-44C1-8232-6E8BAD175BB5}.Release|Mixed Platforms.ActiveCfg = Release|Any CPU
		{F207AB90-D419-44C1-8232-6E8BAD175BB5}.Release|Mixed Platforms.Build.0 = Release|Any CPU
		{F207AB90-D419-44C1-8232-6E8BAD175BB5}.Release|Win32.ActiveCfg = Release|Any CPU
		{F207AB90-D419-44C1-8232-6E8BAD175BB5}.Release|x86.ActiveCfg = Release|Any CPU
		{432ABDDF-CA91-49F8-A12E-BDD660F6BF71}.Debug|Any CPU.ActiveCfg = Debug|Any CPU
		{432ABDDF-CA91-49F8-A12E-BDD660F6BF71}.Debug|Any CPU.Build.0 = Debug|Any CPU
		{432ABDDF-CA91-49F8-A12E-BDD660F6BF71}.Debug|Mixed Platforms.ActiveCfg = Debug|Any CPU
		{432ABDDF-CA91-49F8-A12E-BDD660F6BF71}.Debug|Mixed Platforms.Build.0 = Debug|Any CPU
		{432ABDDF-CA91-49F8-A12E-BDD660F6BF71}.Debug|Win32.ActiveCfg = Debug|Any CPU
		{432ABDDF-CA91-49F8-A12E-BDD660F6BF71}.Debug|x86.ActiveCfg = Debug|Any CPU
		{432ABDDF-CA91-49F8-A12E-BDD660F6BF71}.Release|Any CPU.ActiveCfg = Release|Any CPU
		{432ABDDF-CA91-49F8-A12E-BDD660F6BF71}.Release|Any CPU.Build.0 = Release|Any CPU
		{432ABDDF-CA91-49F8-A12E-BDD660F6BF71}.Release|Mixed Platforms.ActiveCfg = Release|Any CPU
		{432ABDDF-CA91-49F8-A12E-BDD660F6BF71}.Release|Mixed Platforms.Build.0 = Release|Any CPU
		{432ABDDF-CA91-49F8-A12E-BDD660F6BF71}.Release|Win32.ActiveCfg = Release|Any CPU
		{432ABDDF-CA91-49F8-A12E-BDD660F6BF71}.Release|x86.ActiveCfg = Release|Any CPU
		{0EC3CCE1-E95E-45A9-9386-AD4E7A6C09C2}.Debug|Any CPU.ActiveCfg = Debug|Any CPU
		{0EC3CCE1-E95E-45A9-9386-AD4E7A6C09C2}.Debug|Any CPU.Build.0 = Debug|Any CPU
		{0EC3CCE1-E95E-45A9-9386-AD4E7A6C09C2}.Debug|Mixed Platforms.ActiveCfg = Debug|Any CPU
		{0EC3CCE1-E95E-45A9-9386-AD4E7A6C09C2}.Debug|Mixed Platforms.Build.0 = Debug|Any CPU
		{0EC3CCE1-E95E-45A9-9386-AD4E7A6C09C2}.Debug|Win32.ActiveCfg = Debug|Any CPU
		{0EC3CCE1-E95E-45A9-9386-AD4E7A6C09C2}.Debug|x86.ActiveCfg = Debug|Any CPU
		{0EC3CCE1-E95E-45A9-9386-AD4E7A6C09C2}.Release|Any CPU.ActiveCfg = Release|Any CPU
		{0EC3CCE1-E95E-45A9-9386-AD4E7A6C09C2}.Release|Any CPU.Build.0 = Release|Any CPU
		{0EC3CCE1-E95E-45A9-9386-AD4E7A6C09C2}.Release|Mixed Platforms.ActiveCfg = Release|Any CPU
		{0EC3CCE1-E95E-45A9-9386-AD4E7A6C09C2}.Release|Mixed Platforms.Build.0 = Release|Any CPU
		{0EC3CCE1-E95E-45A9-9386-AD4E7A6C09C2}.Release|Win32.ActiveCfg = Release|Any CPU
		{0EC3CCE1-E95E-45A9-9386-AD4E7A6C09C2}.Release|x86.ActiveCfg = Release|Any CPU
		{55F1653D-2A7C-4C06-8D12-864D1540305D}.Debug|Any CPU.ActiveCfg = Debug|Any CPU
		{55F1653D-2A7C-4C06-8D12-864D1540305D}.Debug|Any CPU.Build.0 = Debug|Any CPU
		{55F1653D-2A7C-4C06-8D12-864D1540305D}.Debug|Mixed Platforms.ActiveCfg = Debug|Any CPU
		{55F1653D-2A7C-4C06-8D12-864D1540305D}.Debug|Mixed Platforms.Build.0 = Debug|Any CPU
		{55F1653D-2A7C-4C06-8D12-864D1540305D}.Debug|Win32.ActiveCfg = Debug|Any CPU
		{55F1653D-2A7C-4C06-8D12-864D1540305D}.Debug|x86.ActiveCfg = Debug|Any CPU
		{55F1653D-2A7C-4C06-8D12-864D1540305D}.Release|Any CPU.ActiveCfg = Release|Any CPU
		{55F1653D-2A7C-4C06-8D12-864D1540305D}.Release|Any CPU.Build.0 = Release|Any CPU
		{55F1653D-2A7C-4C06-8D12-864D1540305D}.Release|Mixed Platforms.ActiveCfg = Release|Any CPU
		{55F1653D-2A7C-4C06-8D12-864D1540305D}.Release|Mixed Platforms.Build.0 = Release|Any CPU
		{55F1653D-2A7C-4C06-8D12-864D1540305D}.Release|Win32.ActiveCfg = Release|Any CPU
		{55F1653D-2A7C-4C06-8D12-864D1540305D}.Release|x86.ActiveCfg = Release|Any CPU
		{94D3AD21-4245-4700-8376-89D0705F28BC}.Debug|Any CPU.ActiveCfg = Debug|Any CPU
		{94D3AD21-4245-4700-8376-89D0705F28BC}.Debug|Any CPU.Build.0 = Debug|Any CPU
		{94D3AD21-4245-4700-8376-89D0705F28BC}.Debug|Mixed Platforms.ActiveCfg = Debug|Any CPU
		{94D3AD21-4245-4700-8376-89D0705F28BC}.Debug|Mixed Platforms.Build.0 = Debug|Any CPU
		{94D3AD21-4245-4700-8376-89D0705F28BC}.Debug|Win32.ActiveCfg = Debug|Any CPU
		{94D3AD21-4245-4700-8376-89D0705F28BC}.Debug|x86.ActiveCfg = Debug|Any CPU
		{94D3AD21-4245-4700-8376-89D0705F28BC}.Release|Any CPU.ActiveCfg = Release|Any CPU
		{94D3AD21-4245-4700-8376-89D0705F28BC}.Release|Any CPU.Build.0 = Release|Any CPU
		{94D3AD21-4245-4700-8376-89D0705F28BC}.Release|Mixed Platforms.ActiveCfg = Release|Any CPU
		{94D3AD21-4245-4700-8376-89D0705F28BC}.Release|Mixed Platforms.Build.0 = Release|Any CPU
		{94D3AD21-4245-4700-8376-89D0705F28BC}.Release|Win32.ActiveCfg = Release|Any CPU
		{94D3AD21-4245-4700-8376-89D0705F28BC}.Release|x86.ActiveCfg = Release|Any CPU
		{573E4922-2D13-4499-8EA9-7ED37DF363FE}.Debug|Any CPU.ActiveCfg = Debug|Any CPU
		{573E4922-2D13-4499-8EA9-7ED37DF363FE}.Debug|Any CPU.Build.0 = Debug|Any CPU
		{573E4922-2D13-4499-8EA9-7ED37DF363FE}.Debug|Mixed Platforms.ActiveCfg = Debug|Any CPU
		{573E4922-2D13-4499-8EA9-7ED37DF363FE}.Debug|Mixed Platforms.Build.0 = Debug|Any CPU
		{573E4922-2D13-4499-8EA9-7ED37DF363FE}.Debug|Win32.ActiveCfg = Debug|Any CPU
		{573E4922-2D13-4499-8EA9-7ED37DF363FE}.Debug|x86.ActiveCfg = Debug|Any CPU
		{573E4922-2D13-4499-8EA9-7ED37DF363FE}.Release|Any CPU.ActiveCfg = Release|Any CPU
		{573E4922-2D13-4499-8EA9-7ED37DF363FE}.Release|Any CPU.Build.0 = Release|Any CPU
		{573E4922-2D13-4499-8EA9-7ED37DF363FE}.Release|Mixed Platforms.ActiveCfg = Release|Any CPU
		{573E4922-2D13-4499-8EA9-7ED37DF363FE}.Release|Mixed Platforms.Build.0 = Release|Any CPU
		{573E4922-2D13-4499-8EA9-7ED37DF363FE}.Release|Win32.ActiveCfg = Release|Any CPU
		{573E4922-2D13-4499-8EA9-7ED37DF363FE}.Release|x86.ActiveCfg = Release|Any CPU
		{BCA28718-4FBA-4B2D-87CF-A4F4BDF69616}.Debug|Any CPU.ActiveCfg = Debug|Any CPU
		{BCA28718-4FBA-4B2D-87CF-A4F4BDF69616}.Debug|Any CPU.Build.0 = Debug|Any CPU
		{BCA28718-4FBA-4B2D-87CF-A4F4BDF69616}.Debug|Mixed Platforms.ActiveCfg = Debug|Any CPU
		{BCA28718-4FBA-4B2D-87CF-A4F4BDF69616}.Debug|Mixed Platforms.Build.0 = Debug|Any CPU
		{BCA28718-4FBA-4B2D-87CF-A4F4BDF69616}.Debug|Win32.ActiveCfg = Debug|Any CPU
		{BCA28718-4FBA-4B2D-87CF-A4F4BDF69616}.Debug|x86.ActiveCfg = Debug|Any CPU
		{BCA28718-4FBA-4B2D-87CF-A4F4BDF69616}.Release|Any CPU.ActiveCfg = Release|Any CPU
		{BCA28718-4FBA-4B2D-87CF-A4F4BDF69616}.Release|Any CPU.Build.0 = Release|Any CPU
		{BCA28718-4FBA-4B2D-87CF-A4F4BDF69616}.Release|Mixed Platforms.ActiveCfg = Release|Any CPU
		{BCA28718-4FBA-4B2D-87CF-A4F4BDF69616}.Release|Mixed Platforms.Build.0 = Release|Any CPU
		{BCA28718-4FBA-4B2D-87CF-A4F4BDF69616}.Release|Win32.ActiveCfg = Release|Any CPU
		{BCA28718-4FBA-4B2D-87CF-A4F4BDF69616}.Release|x86.ActiveCfg = Release|Any CPU
		{48C4C1F1-1A70-447D-AC52-FB77751FD5E9}.Debug|Any CPU.ActiveCfg = Debug|Any CPU
		{48C4C1F1-1A70-447D-AC52-FB77751FD5E9}.Debug|Any CPU.Build.0 = Debug|Any CPU
		{48C4C1F1-1A70-447D-AC52-FB77751FD5E9}.Debug|Mixed Platforms.ActiveCfg = Debug|Any CPU
		{48C4C1F1-1A70-447D-AC52-FB77751FD5E9}.Debug|Mixed Platforms.Build.0 = Debug|Any CPU
		{48C4C1F1-1A70-447D-AC52-FB77751FD5E9}.Debug|Win32.ActiveCfg = Debug|Any CPU
		{48C4C1F1-1A70-447D-AC52-FB77751FD5E9}.Debug|x86.ActiveCfg = Debug|Any CPU
		{48C4C1F1-1A70-447D-AC52-FB77751FD5E9}.Release|Any CPU.ActiveCfg = Release|Any CPU
		{48C4C1F1-1A70-447D-AC52-FB77751FD5E9}.Release|Any CPU.Build.0 = Release|Any CPU
		{48C4C1F1-1A70-447D-AC52-FB77751FD5E9}.Release|Mixed Platforms.ActiveCfg = Release|Any CPU
		{48C4C1F1-1A70-447D-AC52-FB77751FD5E9}.Release|Mixed Platforms.Build.0 = Release|Any CPU
		{48C4C1F1-1A70-447D-AC52-FB77751FD5E9}.Release|Win32.ActiveCfg = Release|Any CPU
		{48C4C1F1-1A70-447D-AC52-FB77751FD5E9}.Release|x86.ActiveCfg = Release|Any CPU
		{A0EAC8F3-99F4-400D-AFAE-9DA7AD49ADA7}.Debug|Any CPU.ActiveCfg = Debug|Any CPU
		{A0EAC8F3-99F4-400D-AFAE-9DA7AD49ADA7}.Debug|Any CPU.Build.0 = Debug|Any CPU
		{A0EAC8F3-99F4-400D-AFAE-9DA7AD49ADA7}.Debug|Mixed Platforms.ActiveCfg = Debug|Any CPU
		{A0EAC8F3-99F4-400D-AFAE-9DA7AD49ADA7}.Debug|Mixed Platforms.Build.0 = Debug|Any CPU
		{A0EAC8F3-99F4-400D-AFAE-9DA7AD49ADA7}.Debug|Win32.ActiveCfg = Debug|Any CPU
		{A0EAC8F3-99F4-400D-AFAE-9DA7AD49ADA7}.Debug|x86.ActiveCfg = Debug|Any CPU
		{A0EAC8F3-99F4-400D-AFAE-9DA7AD49ADA7}.Release|Any CPU.ActiveCfg = Release|Any CPU
		{A0EAC8F3-99F4-400D-AFAE-9DA7AD49ADA7}.Release|Any CPU.Build.0 = Release|Any CPU
		{A0EAC8F3-99F4-400D-AFAE-9DA7AD49ADA7}.Release|Mixed Platforms.ActiveCfg = Release|Any CPU
		{A0EAC8F3-99F4-400D-AFAE-9DA7AD49ADA7}.Release|Mixed Platforms.Build.0 = Release|Any CPU
		{A0EAC8F3-99F4-400D-AFAE-9DA7AD49ADA7}.Release|Win32.ActiveCfg = Release|Any CPU
		{A0EAC8F3-99F4-400D-AFAE-9DA7AD49ADA7}.Release|x86.ActiveCfg = Release|Any CPU
		{D3638975-E573-4BBD-9B8D-ED3B91200477}.Debug|Any CPU.ActiveCfg = Debug|Any CPU
		{D3638975-E573-4BBD-9B8D-ED3B91200477}.Debug|Any CPU.Build.0 = Debug|Any CPU
		{D3638975-E573-4BBD-9B8D-ED3B91200477}.Debug|Mixed Platforms.ActiveCfg = Debug|Any CPU
		{D3638975-E573-4BBD-9B8D-ED3B91200477}.Debug|Mixed Platforms.Build.0 = Debug|Any CPU
		{D3638975-E573-4BBD-9B8D-ED3B91200477}.Debug|Win32.ActiveCfg = Debug|Any CPU
		{D3638975-E573-4BBD-9B8D-ED3B91200477}.Debug|x86.ActiveCfg = Debug|Any CPU
		{D3638975-E573-4BBD-9B8D-ED3B91200477}.Release|Any CPU.ActiveCfg = Release|Any CPU
		{D3638975-E573-4BBD-9B8D-ED3B91200477}.Release|Any CPU.Build.0 = Release|Any CPU
		{D3638975-E573-4BBD-9B8D-ED3B91200477}.Release|Mixed Platforms.ActiveCfg = Release|Any CPU
		{D3638975-E573-4BBD-9B8D-ED3B91200477}.Release|Mixed Platforms.Build.0 = Release|Any CPU
		{D3638975-E573-4BBD-9B8D-ED3B91200477}.Release|Win32.ActiveCfg = Release|Any CPU
		{D3638975-E573-4BBD-9B8D-ED3B91200477}.Release|x86.ActiveCfg = Release|Any CPU
		{902675FD-4CCE-4425-803D-D4323A9D50D4}.Debug|Any CPU.ActiveCfg = Debug|Win32
		{902675FD-4CCE-4425-803D-D4323A9D50D4}.Debug|Mixed Platforms.ActiveCfg = Debug|Win32
		{902675FD-4CCE-4425-803D-D4323A9D50D4}.Debug|Mixed Platforms.Build.0 = Debug|Win32
		{902675FD-4CCE-4425-803D-D4323A9D50D4}.Debug|Win32.ActiveCfg = Debug|Win32
		{902675FD-4CCE-4425-803D-D4323A9D50D4}.Debug|Win32.Build.0 = Debug|Win32
		{902675FD-4CCE-4425-803D-D4323A9D50D4}.Debug|x86.ActiveCfg = Debug|Win32
		{902675FD-4CCE-4425-803D-D4323A9D50D4}.Release|Any CPU.ActiveCfg = Release|Win32
		{902675FD-4CCE-4425-803D-D4323A9D50D4}.Release|Mixed Platforms.ActiveCfg = Release|Win32
		{902675FD-4CCE-4425-803D-D4323A9D50D4}.Release|Mixed Platforms.Build.0 = Release|Win32
		{902675FD-4CCE-4425-803D-D4323A9D50D4}.Release|Win32.ActiveCfg = Release|Win32
		{902675FD-4CCE-4425-803D-D4323A9D50D4}.Release|Win32.Build.0 = Release|Win32
		{902675FD-4CCE-4425-803D-D4323A9D50D4}.Release|x86.ActiveCfg = Release|Win32
	EndGlobalSection
	GlobalSection(SolutionProperties) = preSolution
		HideSolutionNode = FALSE
	EndGlobalSection
EndGlobal
