
Microsoft Visual Studio Solution File, Format Version 10.00
# Visual Studio 2008
Project("{FAE04EC0-301F-11D3-BF4B-00C04F79EFBC}") = "ShellIntegration", "ShellIntegration.csproj", "{D3638975-E573-4BBD-9B8D-ED3B91200477}"
EndProject
Global
	GlobalSection(SolutionConfigurationPlatforms) = preSolution
		Debug|Any CPU = Debug|Any CPU
		Release|Any CPU = Release|Any CPU
	EndGlobalSection
	GlobalSection(ProjectConfigurationPlatforms) = postSolution
		{D3638975-E573-4BBD-9B8D-ED3B91200477}.Debug|Any CPU.ActiveCfg = Debug|Any CPU
		{D3638975-E573-4BBD-9B8D-ED3B91200477}.Debug|Any CPU.Build.0 = Debug|Any CPU
		{D3638975-E573-4BBD-9B8D-ED3B91200477}.Release|Any CPU.ActiveCfg = Release|Any CPU
		{D3638975-E573-4BBD-9B8D-ED3B91200477}.Release|Any CPU.Build.0 = Release|Any CPU
	EndGlobalSection
	GlobalSection(SolutionProperties) = preSolution
		HideSolutionNode = FALSE
	EndGlobalSection
EndGlobal
